
Microsoft Visual Studio Solution File, Format Version 12.00
# Visual Studio Version 16
VisualStudioVersion = 16.0.30611.23
MinimumVisualStudioVersion = 10.0.40219.1
Project("{9A19103F-16F7-4668-BE54-9A1E7A4F7556}") = "QAToolKit.Engine.Probes", "src\QAToolKit.Engine.Probes\QAToolKit.Engine.Probes.csproj", "{5A2191E1-6682-437F-8ED2-DE9324BFC4F4}"
EndProject
Project("{9A19103F-16F7-4668-BE54-9A1E7A4F7556}") = "QAToolKit.Engine.Probes.Test", "src\QAToolKit.Engine.Probes.Test\QAToolKit.Engine.Probes.Test.csproj", "{0979F35A-32AA-4F44-B58C-69FBC9658D99}"
EndProject
Global
	GlobalSection(SolutionConfigurationPlatforms) = preSolution
		Debug|Any CPU = Debug|Any CPU
		Release|Any CPU = Release|Any CPU
	EndGlobalSection
	GlobalSection(ProjectConfigurationPlatforms) = postSolution
		{5A2191E1-6682-437F-8ED2-DE9324BFC4F4}.Debug|Any CPU.ActiveCfg = Debug|Any CPU
		{5A2191E1-6682-437F-8ED2-DE9324BFC4F4}.Debug|Any CPU.Build.0 = Debug|Any CPU
		{5A2191E1-6682-437F-8ED2-DE9324BFC4F4}.Release|Any CPU.ActiveCfg = Release|Any CPU
		{5A2191E1-6682-437F-8ED2-DE9324BFC4F4}.Release|Any CPU.Build.0 = Release|Any CPU
		{0979F35A-32AA-4F44-B58C-69FBC9658D99}.Debug|Any CPU.ActiveCfg = Debug|Any CPU
		{0979F35A-32AA-4F44-B58C-69FBC9658D99}.Debug|Any CPU.Build.0 = Debug|Any CPU
		{0979F35A-32AA-4F44-B58C-69FBC9658D99}.Release|Any CPU.ActiveCfg = Release|Any CPU
		{0979F35A-32AA-4F44-B58C-69FBC9658D99}.Release|Any CPU.Build.0 = Release|Any CPU
	EndGlobalSection
	GlobalSection(SolutionProperties) = preSolution
		HideSolutionNode = FALSE
	EndGlobalSection
	GlobalSection(ExtensibilityGlobals) = postSolution
		SolutionGuid = {38E1FEC0-DA9E-4F28-A2DB-5C34C1FE2FD2}
	EndGlobalSection
EndGlobal
